
Microsoft Visual Studio Solution File, Format Version 12.00
# Visual Studio Version 17
VisualStudioVersion = 17.0.31903.59
MinimumVisualStudioVersion = 10.0.40219.1
Project("{FAE04EC0-301F-11D3-BF4B-00C04F79EFBC}") = "24_NguyenManhCuong_Assignment01_BackEnd", "24_NguyenManhCuong_Assignment01_BackEnd\24_NguyenManhCuong_Assignment01_BackEnd.csproj", "{608AFAA9-3280-480A-90AB-90B816074C3D}"
EndProject
Project("{FAE04EC0-301F-11D3-BF4B-00C04F79EFBC}") = "24_NguyenManhCuong_Assignment01_FrontEnd", "24_NguyenManhCuong_Assignment01_FrontEnd\24_NguyenManhCuong_Assignment01_FrontEnd.csproj", "{14E066F9-19C2-4062-9877-6811F25C11CF}"
EndProject
Global
	GlobalSection(SolutionConfigurationPlatforms) = preSolution
		Debug|Any CPU = Debug|Any CPU
		Debug|x64 = Debug|x64
		Debug|x86 = Debug|x86
		Release|Any CPU = Release|Any CPU
		Release|x64 = Release|x64
		Release|x86 = Release|x86
	EndGlobalSection
	GlobalSection(ProjectConfigurationPlatforms) = postSolution
		{608AFAA9-3280-480A-90AB-90B816074C3D}.Debug|Any CPU.ActiveCfg = Debug|Any CPU
		{608AFAA9-3280-480A-90AB-90B816074C3D}.Debug|Any CPU.Build.0 = Debug|Any CPU
		{608AFAA9-3280-480A-90AB-90B816074C3D}.Debug|x64.ActiveCfg = Debug|Any CPU
		{608AFAA9-3280-480A-90AB-90B816074C3D}.Debug|x64.Build.0 = Debug|Any CPU
		{608AFAA9-3280-480A-90AB-90B816074C3D}.Debug|x86.ActiveCfg = Debug|Any CPU
		{608AFAA9-3280-480A-90AB-90B816074C3D}.Debug|x86.Build.0 = Debug|Any CPU
		{608AFAA9-3280-480A-90AB-90B816074C3D}.Release|Any CPU.ActiveCfg = Release|Any CPU
		{608AFAA9-3280-480A-90AB-90B816074C3D}.Release|Any CPU.Build.0 = Release|Any CPU
		{608AFAA9-3280-480A-90AB-90B816074C3D}.Release|x64.ActiveCfg = Release|Any CPU
		{608AFAA9-3280-480A-90AB-90B816074C3D}.Release|x64.Build.0 = Release|Any CPU
		{608AFAA9-3280-480A-90AB-90B816074C3D}.Release|x86.ActiveCfg = Release|Any CPU
		{608AFAA9-3280-480A-90AB-90B816074C3D}.Release|x86.Build.0 = Release|Any CPU
		{14E066F9-19C2-4062-9877-6811F25C11CF}.Debug|Any CPU.ActiveCfg = Debug|Any CPU
		{14E066F9-19C2-4062-9877-6811F25C11CF}.Debug|Any CPU.Build.0 = Debug|Any CPU
		{14E066F9-19C2-4062-9877-6811F25C11CF}.Debug|x64.ActiveCfg = Debug|Any CPU
		{14E066F9-19C2-4062-9877-6811F25C11CF}.Debug|x64.Build.0 = Debug|Any CPU
		{14E066F9-19C2-4062-9877-6811F25C11CF}.Debug|x86.ActiveCfg = Debug|Any CPU
		{14E066F9-19C2-4062-9877-6811F25C11CF}.Debug|x86.Build.0 = Debug|Any CPU
		{14E066F9-19C2-4062-9877-6811F25C11CF}.Release|Any CPU.ActiveCfg = Release|Any CPU
		{14E066F9-19C2-4062-9877-6811F25C11CF}.Release|Any CPU.Build.0 = Release|Any CPU
		{14E066F9-19C2-4062-9877-6811F25C11CF}.Release|x64.ActiveCfg = Release|Any CPU
		{14E066F9-19C2-4062-9877-6811F25C11CF}.Release|x64.Build.0 = Release|Any CPU
		{14E066F9-19C2-4062-9877-6811F25C11CF}.Release|x86.ActiveCfg = Release|Any CPU
		{14E066F9-19C2-4062-9877-6811F25C11CF}.Release|x86.Build.0 = Release|Any CPU
	EndGlobalSection
	GlobalSection(SolutionProperties) = preSolution
		HideSolutionNode = FALSE
	EndGlobalSection
EndGlobal
